// !$*UTF8*$!
{
	archiveVersion = 1;
	classes = {
	};
	objectVersion = 50;
	objects = {

/* Begin PBXBuildFile section */
		39D5658F26185ACF0036FD57 /* AppDelegate.swift in Sources */ = {isa = PBXBuildFile; fileRef = 39D5658E26185ACF0036FD57 /* AppDelegate.swift */; };
		39D5659126185ACF0036FD57 /* SceneDelegate.swift in Sources */ = {isa = PBXBuildFile; fileRef = 39D5659026185ACF0036FD57 /* SceneDelegate.swift */; };
		39D5659326185ACF0036FD57 /* ViewController.swift in Sources */ = {isa = PBXBuildFile; fileRef = 39D5659226185ACF0036FD57 /* ViewController.swift */; };
		39D5659626185ACF0036FD57 /* Main.storyboard in Resources */ = {isa = PBXBuildFile; fileRef = 39D5659426185ACF0036FD57 /* Main.storyboard */; };
		39D5659826185AD20036FD57 /* Assets.xcassets in Resources */ = {isa = PBXBuildFile; fileRef = 39D5659726185AD20036FD57 /* Assets.xcassets */; };
		39D5659B26185AD20036FD57 /* LaunchScreen.storyboard in Resources */ = {isa = PBXBuildFile; fileRef = 39D5659926185AD20036FD57 /* LaunchScreen.storyboard */; };
		39D565A626185AD30036FD57 /* iosAssignment1Tests.swift in Sources */ = {isa = PBXBuildFile; fileRef = 39D565A526185AD30036FD57 /* iosAssignment1Tests.swift */; };
		39D565B126185AD30036FD57 /* iosAssignment1UITests.swift in Sources */ = {isa = PBXBuildFile; fileRef = 39D565B026185AD30036FD57 /* iosAssignment1UITests.swift */; };
		39D565C2261860F30036FD57 /* firstViewController.swift in Sources */ = {isa = PBXBuildFile; fileRef = 39D565C1261860F30036FD57 /* firstViewController.swift */; };
		39D565C7261861110036FD57 /* secondViewController.swift in Sources */ = {isa = PBXBuildFile; fileRef = 39D565C6261861110036FD57 /* secondViewController.swift */; };
/* End PBXBuildFile section */

/* Begin PBXContainerItemProxy section */
		39D565A226185AD30036FD57 /* PBXContainerItemProxy */ = {
			isa = PBXContainerItemProxy;
			containerPortal = 39D5658326185ACF0036FD57 /* Project object */;
			proxyType = 1;
			remoteGlobalIDString = 39D5658A26185ACF0036FD57;
			remoteInfo = iosAssignment1;
		};
		39D565AD26185AD30036FD57 /* PBXContainerItemProxy */ = {
			isa = PBXContainerItemProxy;
			containerPortal = 39D5658326185ACF0036FD57 /* Project object */;
			proxyType = 1;
			remoteGlobalIDString = 39D5658A26185ACF0036FD57;
			remoteInfo = iosAssignment1;
		};
/* End PBXContainerItemProxy section */

/* Begin PBXFileReference section */
		39D5658B26185ACF0036FD57 /* iosAssignment1.app */ = {isa = PBXFileReference; explicitFileType = wrapper.application; includeInIndex = 0; path = iosAssignment1.app; sourceTree = BUILT_PRODUCTS_DIR; };
		39D5658E26185ACF0036FD57 /* AppDelegate.swift */ = {isa = PBXFileReference; lastKnownFileType = sourcecode.swift; path = AppDelegate.swift; sourceTree = "<group>"; };
		39D5659026185ACF0036FD57 /* SceneDelegate.swift */ = {isa = PBXFileReference; lastKnownFileType = sourcecode.swift; path = SceneDelegate.swift; sourceTree = "<group>"; };
		39D5659226185ACF0036FD57 /* ViewController.swift */ = {isa = PBXFileReference; lastKnownFileType = sourcecode.swift; path = ViewController.swift; sourceTree = "<group>"; };
		39D5659526185ACF0036FD57 /* Base */ = {isa = PBXFileReference; lastKnownFileType = file.storyboard; name = Base; path = Base.lproj/Main.storyboard; sourceTree = "<group>"; };
		39D5659726185AD20036FD57 /* Assets.xcassets */ = {isa = PBXFileReference; lastKnownFileType = folder.assetcatalog; path = Assets.xcassets; sourceTree = "<group>"; };
		39D5659A26185AD20036FD57 /* Base */ = {isa = PBXFileReference; lastKnownFileType = file.storyboard; name = Base; path = Base.lproj/LaunchScreen.storyboard; sourceTree = "<group>"; };
		39D5659C26185AD20036FD57 /* Info.plist */ = {isa = PBXFileReference; lastKnownFileType = text.plist.xml; path = Info.plist; sourceTree = "<group>"; };
		39D565A126185AD30036FD57 /* iosAssignment1Tests.xctest */ = {isa = PBXFileReference; explicitFileType = wrapper.cfbundle; includeInIndex = 0; path = iosAssignment1Tests.xctest; sourceTree = BUILT_PRODUCTS_DIR; };
		39D565A526185AD30036FD57 /* iosAssignment1Tests.swift */ = {isa = PBXFileReference; lastKnownFileType = sourcecode.swift; path = iosAssignment1Tests.swift; sourceTree = "<group>"; };
		39D565A726185AD30036FD57 /* Info.plist */ = {isa = PBXFileReference; lastKnownFileType = text.plist.xml; path = Info.plist; sourceTree = "<group>"; };
		39D565AC26185AD30036FD57 /* iosAssignment1UITests.xctest */ = {isa = PBXFileReference; explicitFileType = wrapper.cfbundle; includeInIndex = 0; path = iosAssignment1UITests.xctest; sourceTree = BUILT_PRODUCTS_DIR; };
		39D565B026185AD30036FD57 /* iosAssignment1UITests.swift */ = {isa = PBXFileReference; lastKnownFileType = sourcecode.swift; path = iosAssignment1UITests.swift; sourceTree = "<group>"; };
		39D565B226185AD30036FD57 /* Info.plist */ = {isa = PBXFileReference; lastKnownFileType = text.plist.xml; path = Info.plist; sourceTree = "<group>"; };
		39D565C1261860F30036FD57 /* firstViewController.swift */ = {isa = PBXFileReference; lastKnownFileType = sourcecode.swift; path = firstViewController.swift; sourceTree = "<group>"; };
		39D565C6261861110036FD57 /* secondViewController.swift */ = {isa = PBXFileReference; lastKnownFileType = sourcecode.swift; path = secondViewController.swift; sourceTree = "<group>"; };
/* End PBXFileReference section */

/* Begin PBXFrameworksBuildPhase section */
		39D5658826185ACF0036FD57 /* Frameworks */ = {
			isa = PBXFrameworksBuildPhase;
			buildActionMask = 2147483647;
			files = (
			);
			runOnlyForDeploymentPostprocessing = 0;
		};
		39D5659E26185AD30036FD57 /* Frameworks */ = {
			isa = PBXFrameworksBuildPhase;
			buildActionMask = 2147483647;
			files = (
			);
			runOnlyForDeploymentPostprocessing = 0;
		};
		39D565A926185AD30036FD57 /* Frameworks */ = {
			isa = PBXFrameworksBuildPhase;
			buildActionMask = 2147483647;
			files = (
			);
			runOnlyForDeploymentPostprocessing = 0;
		};
/* End PBXFrameworksBuildPhase section */

/* Begin PBXGroup section */
		39D5658226185ACF0036FD57 = {
			isa = PBXGroup;
			children = (
				39D5658D26185ACF0036FD57 /* iosAssignment1 */,
				39D565A426185AD30036FD57 /* iosAssignment1Tests */,
				39D565AF26185AD30036FD57 /* iosAssignment1UITests */,
				39D5658C26185ACF0036FD57 /* Products */,
			);
			sourceTree = "<group>";
		};
		39D5658C26185ACF0036FD57 /* Products */ = {
			isa = PBXGroup;
			children = (
				39D5658B26185ACF0036FD57 /* iosAssignment1.app */,
				39D565A126185AD30036FD57 /* iosAssignment1Tests.xctest */,
				39D565AC26185AD30036FD57 /* iosAssignment1UITests.xctest */,
			);
			name = Products;
			sourceTree = "<group>";
		};
		39D5658D26185ACF0036FD57 /* iosAssignment1 */ = {
			isa = PBXGroup;
			children = (
				39D5658E26185ACF0036FD57 /* AppDelegate.swift */,
				39D5659026185ACF0036FD57 /* SceneDelegate.swift */,
				39D5659226185ACF0036FD57 /* ViewController.swift */,
				39D5659426185ACF0036FD57 /* Main.storyboard */,
				39D565C1261860F30036FD57 /* firstViewController.swift */,
				39D565C6261861110036FD57 /* secondViewController.swift */,
				39D5659726185AD20036FD57 /* Assets.xcassets */,
				39D5659926185AD20036FD57 /* LaunchScreen.storyboard */,
				39D5659C26185AD20036FD57 /* Info.plist */,
			);
			path = iosAssignment1;
			sourceTree = "<group>";
		};
		39D565A426185AD30036FD57 /* iosAssignment1Tests */ = {
			isa = PBXGroup;
			children = (
				39D565A526185AD30036FD57 /* iosAssignment1Tests.swift */,
				39D565A726185AD30036FD57 /* Info.plist */,
			);
			path = iosAssignment1Tests;
			sourceTree = "<group>";
		};
		39D565AF26185AD30036FD57 /* iosAssignment1UITests */ = {
			isa = PBXGroup;
			children = (
				39D565B026185AD30036FD57 /* iosAssignment1UITests.swift */,
				39D565B226185AD30036FD57 /* Info.plist */,
			);
			path = iosAssignment1UITests;
			sourceTree = "<group>";
		};
/* End PBXGroup section */

/* Begin PBXNativeTarget section */
		39D5658A26185ACF0036FD57 /* iosAssignment1 */ = {
			isa = PBXNativeTarget;
			buildConfigurationList = 39D565B526185AD30036FD57 /* Build configuration list for PBXNativeTarget "iosAssignment1" */;
			buildPhases = (
				39D5658726185ACF0036FD57 /* Sources */,
				39D5658826185ACF0036FD57 /* Frameworks */,
				39D5658926185ACF0036FD57 /* Resources */,
			);
			buildRules = (
			);
			dependencies = (
			);
			name = iosAssignment1;
			productName = iosAssignment1;
			productReference = 39D5658B26185ACF0036FD57 /* iosAssignment1.app */;
			productType = "com.apple.product-type.application";
		};
		39D565A026185AD30036FD57 /* iosAssignment1Tests */ = {
			isa = PBXNativeTarget;
			buildConfigurationList = 39D565B826185AD30036FD57 /* Build configuration list for PBXNativeTarget "iosAssignment1Tests" */;
			buildPhases = (
				39D5659D26185AD30036FD57 /* Sources */,
				39D5659E26185AD30036FD57 /* Frameworks */,
				39D5659F26185AD30036FD57 /* Resources */,
			);
			buildRules = (
			);
			dependencies = (
				39D565A326185AD30036FD57 /* PBXTargetDependency */,
			);
			name = iosAssignment1Tests;
			productName = iosAssignment1Tests;
			productReference = 39D565A126185AD30036FD57 /* iosAssignment1Tests.xctest */;
			productType = "com.apple.product-type.bundle.unit-test";
		};
		39D565AB26185AD30036FD57 /* iosAssignment1UITests */ = {
			isa = PBXNativeTarget;
			buildConfigurationList = 39D565BB26185AD30036FD57 /* Build configuration list for PBXNativeTarget "iosAssignment1UITests" */;
			buildPhases = (
				39D565A826185AD30036FD57 /* Sources */,
				39D565A926185AD30036FD57 /* Frameworks */,
				39D565AA26185AD30036FD57 /* Resources */,
			);
			buildRules = (
			);
			dependencies = (
				39D565AE26185AD30036FD57 /* PBXTargetDependency */,
			);
			name = iosAssignment1UITests;
			productName = iosAssignment1UITests;
			productReference = 39D565AC26185AD30036FD57 /* iosAssignment1UITests.xctest */;
			productType = "com.apple.product-type.bundle.ui-testing";
		};
/* End PBXNativeTarget section */

/* Begin PBXProject section */
		39D5658326185ACF0036FD57 /* Project object */ = {
			isa = PBXProject;
			attributes = {
				LastSwiftUpdateCheck = 1220;
				LastUpgradeCheck = 1220;
				TargetAttributes = {
					39D5658A26185ACF0036FD57 = {
						CreatedOnToolsVersion = 12.2;
					};
					39D565A026185AD30036FD57 = {
						CreatedOnToolsVersion = 12.2;
						TestTargetID = 39D5658A26185ACF0036FD57;
					};
					39D565AB26185AD30036FD57 = {
						CreatedOnToolsVersion = 12.2;
						TestTargetID = 39D5658A26185ACF0036FD57;
					};
				};
			};
			buildConfigurationList = 39D5658626185ACF0036FD57 /* Build configuration list for PBXProject "iosAssignment1" */;
			compatibilityVersion = "Xcode 9.3";
			developmentRegion = en;
			hasScannedForEncodings = 0;
			knownRegions = (
				en,
				Base,
			);
			mainGroup = 39D5658226185ACF0036FD57;
			productRefGroup = 39D5658C26185ACF0036FD57 /* Products */;
			projectDirPath = "";
			projectRoot = "";
			targets = (
				39D5658A26185ACF0036FD57 /* iosAssignment1 */,
				39D565A026185AD30036FD57 /* iosAssignment1Tests */,
				39D565AB26185AD30036FD57 /* iosAssignment1UITests */,
			);
		};
/* End PBXProject section */

/* Begin PBXResourcesBuildPhase section */
		39D5658926185ACF0036FD57 /* Resources */ = {
			isa = PBXResourcesBuildPhase;
			buildActionMask = 2147483647;
			files = (
				39D5659B26185AD20036FD57 /* LaunchScreen.storyboard in Resources */,
				39D5659826185AD20036FD57 /* Assets.xcassets in Resources */,
				39D5659626185ACF0036FD57 /* Main.storyboard in Resources */,
			);
			runOnlyForDeploymentPostprocessing = 0;
		};
		39D5659F26185AD30036FD57 /* Resources */ = {
			isa = PBXResourcesBuildPhase;
			buildActionMask = 2147483647;
			files = (
			);
			runOnlyForDeploymentPostprocessing = 0;
		};
		39D565AA26185AD30036FD57 /* Resources */ = {
			isa = PBXResourcesBuildPhase;
			buildActionMask = 2147483647;
			files = (
			);
			runOnlyForDeploymentPostprocessing = 0;
		};
/* End PBXResourcesBuildPhase section */

/* Begin PBXSourcesBuildPhase section */
		39D5658726185ACF0036FD57 /* Sources */ = {
			isa = PBXSourcesBuildPhase;
			buildActionMask = 2147483647;
			files = (
				39D5659326185ACF0036FD57 /* ViewController.swift in Sources */,
				39D5658F26185ACF0036FD57 /* AppDelegate.swift in Sources */,
				39D5659126185ACF0036FD57 /* SceneDelegate.swift in Sources */,
				39D565C7261861110036FD57 /* secondViewController.swift in Sources */,
				39D565C2261860F30036FD57 /* firstViewController.swift in Sources */,
			);
			runOnlyForDeploymentPostprocessing = 0;
		};
		39D5659D26185AD30036FD57 /* Sources */ = {
			isa = PBXSourcesBuildPhase;
			buildActionMask = 2147483647;
			files = (
				39D565A626185AD30036FD57 /* iosAssignment1Tests.swift in Sources */,
			);
			runOnlyForDeploymentPostprocessing = 0;
		};
		39D565A826185AD30036FD57 /* Sources */ = {
			isa = PBXSourcesBuildPhase;
			buildActionMask = 2147483647;
			files = (
				39D565B126185AD30036FD57 /* iosAssignment1UITests.swift in Sources */,
			);
			runOnlyForDeploymentPostprocessing = 0;
		};
/* End PBXSourcesBuildPhase section */

/* Begin PBXTargetDependency section */
		39D565A326185AD30036FD57 /* PBXTargetDependency */ = {
			isa = PBXTargetDependency;
			target = 39D5658A26185ACF0036FD57 /* iosAssignment1 */;
			targetProxy = 39D565A226185AD30036FD57 /* PBXContainerItemProxy */;
		};
		39D565AE26185AD30036FD57 /* PBXTargetDependency */ = {
			isa = PBXTargetDependency;
			target = 39D5658A26185ACF0036FD57 /* iosAssignment1 */;
			targetProxy = 39D565AD26185AD30036FD57 /* PBXContainerItemProxy */;
		};
/* End PBXTargetDependency section */

/* Begin PBXVariantGroup section */
		39D5659426185ACF0036FD57 /* Main.storyboard */ = {
			isa = PBXVariantGroup;
			children = (
				39D5659526185ACF0036FD57 /* Base */,
			);
			name = Main.storyboard;
			sourceTree = "<group>";
		};
		39D5659926185AD20036FD57 /* LaunchScreen.storyboard */ = {
			isa = PBXVariantGroup;
			children = (
				39D5659A26185AD20036FD57 /* Base */,
			);
			name = LaunchScreen.storyboard;
			sourceTree = "<group>";
		};
/* End PBXVariantGroup section */

/* Begin XCBuildConfiguration section */
		39D565B326185AD30036FD57 /* Debug */ = {
			isa = XCBuildConfiguration;
			buildSettings = {
				ALWAYS_SEARCH_USER_PATHS = NO;
				CLANG_ANALYZER_NONNULL = YES;
				CLANG_ANALYZER_NUMBER_OBJECT_CONVERSION = YES_AGGRESSIVE;
				CLANG_CXX_LANGUAGE_STANDARD = "gnu++14";
				CLANG_CXX_LIBRARY = "libc++";
				CLANG_ENABLE_MODULES = YES;
				CLANG_ENABLE_OBJC_ARC = YES;
				CLANG_ENABLE_OBJC_WEAK = YES;
				CLANG_WARN_BLOCK_CAPTURE_AUTORELEASING = YES;
				CLANG_WARN_BOOL_CONVERSION = YES;
				CLANG_WARN_COMMA = YES;
				CLANG_WARN_CONSTANT_CONVERSION = YES;
				CLANG_WARN_DEPRECATED_OBJC_IMPLEMENTATIONS = YES;
				CLANG_WARN_DIRECT_OBJC_ISA_USAGE = YES_ERROR;
				CLANG_WARN_DOCUMENTATION_COMMENTS = YES;
				CLANG_WARN_EMPTY_BODY = YES;
				CLANG_WARN_ENUM_CONVERSION = YES;
				CLANG_WARN_INFINITE_RECURSION = YES;
				CLANG_WARN_INT_CONVERSION = YES;
				CLANG_WARN_NON_LITERAL_NULL_CONVERSION = YES;
				CLANG_WARN_OBJC_IMPLICIT_RETAIN_SELF = YES;
				CLANG_WARN_OBJC_LITERAL_CONVERSION = YES;
				CLANG_WARN_OBJC_ROOT_CLASS = YES_ERROR;
				CLANG_WARN_QUOTED_INCLUDE_IN_FRAMEWORK_HEADER = YES;
				CLANG_WARN_RANGE_LOOP_ANALYSIS = YES;
				CLANG_WARN_STRICT_PROTOTYPES = YES;
				CLANG_WARN_SUSPICIOUS_MOVE = YES;
				CLANG_WARN_UNGUARDED_AVAILABILITY = YES_AGGRESSIVE;
				CLANG_WARN_UNREACHABLE_CODE = YES;
				CLANG_WARN__DUPLICATE_METHOD_MATCH = YES;
				COPY_PHASE_STRIP = NO;
				DEBUG_INFORMATION_FORMAT = dwarf;
				ENABLE_STRICT_OBJC_MSGSEND = YES;
				ENABLE_TESTABILITY = YES;
				GCC_C_LANGUAGE_STANDARD = gnu11;
				GCC_DYNAMIC_NO_PIC = NO;
				GCC_NO_COMMON_BLOCKS = YES;
				GCC_OPTIMIZATION_LEVEL = 0;
				GCC_PREPROCESSOR_DEFINITIONS = (
					"DEBUG=1",
					"$(inherited)",
				);
				GCC_WARN_64_TO_32_BIT_CONVERSION = YES;
				GCC_WARN_ABOUT_RETURN_TYPE = YES_ERROR;
				GCC_WARN_UNDECLARED_SELECTOR = YES;
				GCC_WARN_UNINITIALIZED_AUTOS = YES_AGGRESSIVE;
				GCC_WARN_UNUSED_FUNCTION = YES;
				GCC_WARN_UNUSED_VARIABLE = YES;
				IPHONEOS_DEPLOYMENT_TARGET = 14.2;
				MTL_ENABLE_DEBUG_INFO = INCLUDE_SOURCE;
				MTL_FAST_MATH = YES;
				ONLY_ACTIVE_ARCH = YES;
				SDKROOT = iphoneos;
				SWIFT_ACTIVE_COMPILATION_CONDITIONS = DEBUG;
				SWIFT_OPTIMIZATION_LEVEL = "-Onone";
			};
			name = Debug;
		};
		39D565B426185AD30036FD57 /* Release */ = {
			isa = XCBuildConfiguration;
			buildSettings = {
				ALWAYS_SEARCH_USER_PATHS = NO;
				CLANG_ANALYZER_NONNULL = YES;
				CLANG_ANALYZER_NUMBER_OBJECT_CONVERSION = YES_AGGRESSIVE;
				CLANG_CXX_LANGUAGE_STANDARD = "gnu++14";
				CLANG_CXX_LIBRARY = "libc++";
				CLANG_ENABLE_MODULES = YES;
				CLANG_ENABLE_OBJC_ARC = YES;
				CLANG_ENABLE_OBJC_WEAK = YES;
				CLANG_WARN_BLOCK_CAPTURE_AUTORELEASING = YES;
				CLANG_WARN_BOOL_CONVERSION = YES;
				CLANG_WARN_COMMA = YES;
				CLANG_WARN_CONSTANT_CONVERSION = YES;
				CLANG_WARN_DEPRECATED_OBJC_IMPLEMENTATIONS = YES;
				CLANG_WARN_DIRECT_OBJC_ISA_USAGE = YES_ERROR;
				CLANG_WARN_DOCUMENTATION_COMMENTS = YES;
				CLANG_WARN_EMPTY_BODY = YES;
				CLANG_WARN_ENUM_CONVERSION = YES;
				CLANG_WARN_INFINITE_RECURSION = YES;
				CLANG_WARN_INT_CONVERSION = YES;
				CLANG_WARN_NON_LITERAL_NULL_CONVERSION = YES;
				CLANG_WARN_OBJC_IMPLICIT_RETAIN_SELF = YES;
				CLANG_WARN_OBJC_LITERAL_CONVERSION = YES;
				CLANG_WARN_OBJC_ROOT_CLASS = YES_ERROR;
				CLANG_WARN_QUOTED_INCLUDE_IN_FRAMEWORK_HEADER = YES;
				CLANG_WARN_RANGE_LOOP_ANALYSIS = YES;
				CLANG_WARN_STRICT_PROTOTYPES = YES;
				CLANG_WARN_SUSPICIOUS_MOVE = YES;
				CLANG_WARN_UNGUARDED_AVAILABILITY = YES_AGGRESSIVE;
				CLANG_WARN_UNREACHABLE_CODE = YES;
				CLANG_WARN__DUPLICATE_METHOD_MATCH = YES;
				COPY_PHASE_STRIP = NO;
				DEBUG_INFORMATION_FORMAT = "dwarf-with-dsym";
				ENABLE_NS_ASSERTIONS = NO;
				ENABLE_STRICT_OBJC_MSGSEND = YES;
				GCC_C_LANGUAGE_STANDARD = gnu11;
				GCC_NO_COMMON_BLOCKS = YES;
				GCC_WARN_64_TO_32_BIT_CONVERSION = YES;
				GCC_WARN_ABOUT_RETURN_TYPE = YES_ERROR;
				GCC_WARN_UNDECLARED_SELECTOR = YES;
				GCC_WARN_UNINITIALIZED_AUTOS = YES_AGGRESSIVE;
				GCC_WARN_UNUSED_FUNCTION = YES;
				GCC_WARN_UNUSED_VARIABLE = YES;
				IPHONEOS_DEPLOYMENT_TARGET = 14.2;
				MTL_ENABLE_DEBUG_INFO = NO;
				MTL_FAST_MATH = YES;
				SDKROOT = iphoneos;
				SWIFT_COMPILATION_MODE = wholemodule;
				SWIFT_OPTIMIZATION_LEVEL = "-O";
				VALIDATE_PRODUCT = YES;
			};
			name = Release;
		};
		39D565B626185AD30036FD57 /* Debug */ = {
			isa = XCBuildConfiguration;
			buildSettings = {
				ASSETCATALOG_COMPILER_APPICON_NAME = AppIcon;
				ASSETCATALOG_COMPILER_GLOBAL_ACCENT_COLOR_NAME = AccentColor;
				CODE_SIGN_STYLE = Automatic;
				INFOPLIST_FILE = iosAssignment1/Info.plist;
				LD_RUNPATH_SEARCH_PATHS = (
					"$(inherited)",
					"@executable_path/Frameworks",
				);
				PRODUCT_BUNDLE_IDENTIFIER = min.iosAssignment1;
				PRODUCT_NAME = "$(TARGET_NAME)";
				SWIFT_VERSION = 5.0;
				TARGETED_DEVICE_FAMILY = "1,2";
			};
			name = Debug;
		};
		39D565B726185AD30036FD57 /* Release */ = {
			isa = XCBuildConfiguration;
			buildSettings = {
				ASSETCATALOG_COMPILER_APPICON_NAME = AppIcon;
				ASSETCATALOG_COMPILER_GLOBAL_ACCENT_COLOR_NAME = AccentColor;
				CODE_SIGN_STYLE = Automatic;
				INFOPLIST_FILE = iosAssignment1/Info.plist;
				LD_RUNPATH_SEARCH_PATHS = (
					"$(inherited)",
					"@executable_path/Frameworks",
				);
				PRODUCT_BUNDLE_IDENTIFIER = min.iosAssignment1;
				PRODUCT_NAME = "$(TARGET_NAME)";
				SWIFT_VERSION = 5.0;
				TARGETED_DEVICE_FAMILY = "1,2";
			};
			name = Release;
		};
		39D565B926185AD30036FD57 /* Debug */ = {
			isa = XCBuildConfiguration;
			buildSettings = {
				ALWAYS_EMBED_SWIFT_STANDARD_LIBRARIES = YES;
				BUNDLE_LOADER = "$(TEST_HOST)";
				CODE_SIGN_STYLE = Automatic;
				INFOPLIST_FILE = iosAssignment1Tests/Info.plist;
				IPHONEOS_DEPLOYMENT_TARGET = 14.2;
				LD_RUNPATH_SEARCH_PATHS = (
					"$(inherited)",
					"@executable_path/Frameworks",
					"@loader_path/Frameworks",
				);
				PRODUCT_BUNDLE_IDENTIFIER = min.iosAssignment1Tests;
				PRODUCT_NAME = "$(TARGET_NAME)";
				SWIFT_VERSION = 5.0;
				TARGETED_DEVICE_FAMILY = "1,2";
				TEST_HOST = "$(BUILT_PRODUCTS_DIR)/iosAssignment1.app/iosAssignment1";
			};
			name = Debug;
		};
		39D565BA26185AD30036FD57 /* Release */ = {
			isa = XCBuildConfiguration;
			buildSettings = {
				ALWAYS_EMBED_SWIFT_STANDARD_LIBRARIES = YES;
				BUNDLE_LOADER = "$(TEST_HOST)";
				CODE_SIGN_STYLE = Automatic;
				INFOPLIST_FILE = iosAssignment1Tests/Info.plist;
				IPHONEOS_DEPLOYMENT_TARGET = 14.2;
				LD_RUNPATH_SEARCH_PATHS = (
					"$(inherited)",
					"@executable_path/Frameworks",
					"@loader_path/Frameworks",
				);
				PRODUCT_BUNDLE_IDENTIFIER = min.iosAssignment1Tests;
				PRODUCT_NAME = "$(TARGET_NAME)";
				SWIFT_VERSION = 5.0;
				TARGETED_DEVICE_FAMILY = "1,2";
				TEST_HOST = "$(BUILT_PRODUCTS_DIR)/iosAssignment1.app/iosAssignment1";
			};
			name = Release;
		};
		39D565BC26185AD30036FD57 /* Debug */ = {
			isa = XCBuildConfiguration;
			buildSettings = {
				ALWAYS_EMBED_SWIFT_STANDARD_LIBRARIES = YES;
				CODE_SIGN_STYLE = Automatic;
				INFOPLIST_FILE = iosAssignment1UITests/Info.plist;
				LD_RUNPATH_SEARCH_PATHS = (
					"$(inherited)",
					"@executable_path/Frameworks",
					"@loader_path/Frameworks",
				);
				PRODUCT_BUNDLE_IDENTIFIER = min.iosAssignment1UITests;
				PRODUCT_NAME = "$(TARGET_NAME)";
				SWIFT_VERSION = 5.0;
				TARGETED_DEVICE_FAMILY = "1,2";
				TEST_TARGET_NAME = iosAssignment1;
			};
			name = Debug;
		};
		39D565BD26185AD30036FD57 /* Release */ = {
			isa = XCBuildConfiguration;
			buildSettings = {
				ALWAYS_EMBED_SWIFT_STANDARD_LIBRARIES = YES;
				CODE_SIGN_STYLE = Automatic;
				INFOPLIST_FILE = iosAssignment1UITests/Info.plist;
				LD_RUNPATH_SEARCH_PATHS = (
					"$(inherited)",
					"@executable_path/Frameworks",
					"@loader_path/Frameworks",
				);
				PRODUCT_BUNDLE_IDENTIFIER = min.iosAssignment1UITests;
				PRODUCT_NAME = "$(TARGET_NAME)";
				SWIFT_VERSION = 5.0;
				TARGETED_DEVICE_FAMILY = "1,2";
				TEST_TARGET_NAME = iosAssignment1;
			};
			name = Release;
		};
/* End XCBuildConfiguration section */

/* Begin XCConfigurationList section */
		39D5658626185ACF0036FD57 /* Build configuration list for PBXProject "iosAssignment1" */ = {
			isa = XCConfigurationList;
			buildConfigurations = (
				39D565B326185AD30036FD57 /* Debug */,
				39D565B426185AD30036FD57 /* Release */,
			);
			defaultConfigurationIsVisible = 0;
			defaultConfigurationName = Release;
		};
		39D565B526185AD30036FD57 /* Build configuration list for PBXNativeTarget "iosAssignment1" */ = {
			isa = XCConfigurationList;
			buildConfigurations = (
				39D565B626185AD30036FD57 /* Debug */,
				39D565B726185AD30036FD57 /* Release */,
			);
			defaultConfigurationIsVisible = 0;
			defaultConfigurationName = Release;
		};
		39D565B826185AD30036FD57 /* Build configuration list for PBXNativeTarget "iosAssignment1Tests" */ = {
			isa = XCConfigurationList;
			buildConfigurations = (
				39D565B926185AD30036FD57 /* Debug */,
				39D565BA26185AD30036FD57 /* Release */,
			);
			defaultConfigurationIsVisible = 0;
			defaultConfigurationName = Release;
		};
		39D565BB26185AD30036FD57 /* Build configuration list for PBXNativeTarget "iosAssignment1UITests" */ = {
			isa = XCConfigurationList;
			buildConfigurations = (
				39D565BC26185AD30036FD57 /* Debug */,
				39D565BD26185AD30036FD57 /* Release */,
			);
			defaultConfigurationIsVisible = 0;
			defaultConfigurationName = Release;
		};
/* End XCConfigurationList section */
	};
	rootObject = 39D5658326185ACF0036FD57 /* Project object */;
}
